
Microsoft Visual Studio Solution File, Format Version 12.00
# Visual Studio Version 17
VisualStudioVersion = 17.9.34728.123
MinimumVisualStudioVersion = 10.0.40219.1
Project("{FAE04EC0-301F-11D3-BF4B-00C04F79EFBC}") = "tal", "tal\tal.csproj", "{3F1CE5A7-8445-444A-80A4-987A3720E8EB}"
EndProject
Global
	GlobalSection(SolutionConfigurationPlatforms) = preSolution
		Debug|Any CPU = Debug|Any CPU
		Release|Any CPU = Release|Any CPU
	EndGlobalSection
	GlobalSection(ProjectConfigurationPlatforms) = postSolution
		{3F1CE5A7-8445-444A-80A4-987A3720E8EB}.Debug|Any CPU.ActiveCfg = Debug|Any CPU
		{3F1CE5A7-8445-444A-80A4-987A3720E8EB}.Debug|Any CPU.Build.0 = Debug|Any CPU
		{3F1CE5A7-8445-444A-80A4-987A3720E8EB}.Release|Any CPU.ActiveCfg = Release|Any CPU
		{3F1CE5A7-8445-444A-80A4-987A3720E8EB}.Release|Any CPU.Build.0 = Release|Any CPU
	EndGlobalSection
	GlobalSection(SolutionProperties) = preSolution
		HideSolutionNode = FALSE
	EndGlobalSection
	GlobalSection(ExtensibilityGlobals) = postSolution
		SolutionGuid = {A13F224E-7B50-4713-96E8-3C530D913F57}
	EndGlobalSection
EndGlobal
